{
  "pins" : [
    {
      "identity" : "analytics-swift",
      "kind" : "remoteSourceControl",
      "location" : "https://github.com/segmentio/analytics-swift.git",
      "state" : {
        "revision" : "1b4fe3f314404d3e7458428493ce5f01adf2eed7",
        "version" : "1.3.5"
      }
    },
    {
      "identity" : "sovran-swift",
      "kind" : "remoteSourceControl",
      "location" : "https://github.com/segmentio/Sovran-Swift.git",
      "state" : {
        "revision" : "944c17d7c46bd95fc37f09136cabd172be5b413b",
        "version" : "1.0.3"
      }
    },
    {
      "identity" : "userleap-ios-sdk-releases",
      "kind" : "remoteSourceControl",
      "location" : "https://github.com/UserLeap/userleap-ios-sdk-releases/",
      "state" : {
        "revision" : "d1a379076082abd5b08c3d6763025fd335f118e5",
        "version" : "4.13.0"
      }
    }
  ],
  "version" : 2
}
