{
  "pins" : [
    {
      "identity" : "analytics-swift",
      "kind" : "remoteSourceControl",
      "location" : "https://github.com/segmentio/analytics-swift.git",
      "state" : {
        "revision" : "79fb17a5d4abf8f80e6a0935e57c7df7b670a6c0",
        "version" : "1.4.1"
      }
    },
    {
      "identity" : "sovran-swift",
      "kind" : "remoteSourceControl",
      "location" : "https://github.com/segmentio/Sovran-Swift.git",
      "state" : {
        "revision" : "944c17d7c46bd95fc37f09136cabd172be5b413b",
        "version" : "1.0.3"
      }
    },
    {
      "identity" : "userleap-ios-sdk-releases",
      "kind" : "remoteSourceControl",
      "location" : "https://github.com/UserLeap/userleap-ios-sdk-releases/",
      "state" : {
        "revision" : "09fb19deddc00c4c8bd070e283a2a7d30d22279a",
        "version" : "4.14.0"
      }
    }
  ],
  "version" : 2
}
